{
  "name": "react-native-svg",
  "version": "0.0.1",
  "lockfileVersion": 1,
  "requires": true,
  "dependencies": {
    "react-native-svg": {
      "version": "9.9.6",
      "resolved": "https://registry.npmjs.org/react-native-svg/-/react-native-svg-9.9.6.tgz",
      "integrity": "sha512-ojQjmWdBscb93vcXTZJCZCTSQl1aaLaqubwSq52Eciair9n7jLKSgCttKB8JXK4CafYK9hx2GfIygnqwqIHLQg=="
    }
  }
}
